lockfileVersion: 5.4

specifiers:
  '@types/chrome': ^0.0.190
  '@types/node': ^18.0.0

devDependencies:
  '@types/chrome': 0.0.190
  '@types/node': 18.0.0

packages:

  /@types/chrome/0.0.190:
    resolution: {integrity: sha512-lCwwIBfaD+PhG62qFB46mIBpD+xBIa+PedNB24KR9YnmJ0Zn9h0OwP1NQBhI8Cbu1rKwTQHTxhs7GhWGyUvinw==}
    dependencies:
      '@types/filesystem': 0.0.32
      '@types/har-format': 1.2.8
    dev: true

  /@types/filesystem/0.0.32:
    resolution: {integrity: sha512-Yuf4jR5YYMR2DVgwuCiP11s0xuVRyPKmz8vo6HBY3CGdeMj8af93CFZX+T82+VD1+UqHOxTq31lO7MI7lepBtQ==}
    dependencies:
      '@types/filewriter': 0.0.29
    dev: true

  /@types/filewriter/0.0.29:
    resolution: {integrity: sha512-BsPXH/irW0ht0Ji6iw/jJaK8Lj3FJemon2gvEqHKpCdDCeemHa+rI3WBGq5z7cDMZgoLjY40oninGxqk+8NzNQ==}
    dev: true

  /@types/har-format/1.2.8:
    resolution: {integrity: sha512-OP6L9VuZNdskgNN3zFQQ54ceYD8OLq5IbqO4VK91ORLfOm7WdT/CiT/pHEBSQEqCInJ2y3O6iCm/zGtPElpgJQ==}
    dev: true

  /@types/node/18.0.0:
    resolution: {integrity: sha512-cHlGmko4gWLVI27cGJntjs/Sj8th9aYwplmZFwmmgYQQvL5NUsgVJG7OddLvNfLqYS31KFN0s3qlaD9qCaxACA==}
    dev: true
